{
  "pins" : [
    {
      "identity" : "bottomsheet",
      "kind" : "remoteSourceControl",
      "location" : "https://github.com/danielsaidi/BottomSheet.git",
      "state" : {
        "branch" : "master",
        "revision" : "1b5fad9879558cc89e044c088befd9859afcdcae"
      }
    },
    {
      "identity" : "swiftui-introspect",
      "kind" : "remoteSourceControl",
      "location" : "https://github.com/siteline/SwiftUI-Introspect.git",
      "state" : {
        "revision" : "f2616860a41f9d9932da412a8978fec79c06fe24",
        "version" : "0.1.4"
      }
    },
    {
      "identity" : "swiftui-refresher",
      "kind" : "remoteSourceControl",
      "location" : "https://github.com/gh123man/SwiftUI-Refresher.git",
      "state" : {
        "revision" : "a8fd7935ece9a255da9a6dc06a6b56f00caae95d",
        "version" : "1.0.10"
      }
    },
    {
      "identity" : "swiftui-webview",
      "kind" : "remoteSourceControl",
      "location" : "https://github.com/globulus/swiftui-webview",
      "state" : {
        "revision" : "f9be55089c020268760d626abbadd643a2b1ca4a",
        "version" : "1.0.8"
      }
    },
    {
      "identity" : "swiftui-youtube-player",
      "kind" : "remoteSourceControl",
      "location" : "https://github.com/globulus/swiftui-youtube-player",
      "state" : {
        "branch" : "main",
        "revision" : "73d0d5225f6c1734918fa96ed5d6ecbfd1152e63"
      }
    },
    {
      "identity" : "youtubeplayerkit",
      "kind" : "remoteSourceControl",
      "location" : "https://github.com/SvenTiigi/YouTubePlayerKit.git",
      "state" : {
        "branch" : "main",
        "revision" : "8c90f96973ef709cda0fbebe3989be49d7fc77bb"
      }
    }
  ],
  "version" : 2
}
