{
  "pins" : [
    {
      "identity" : "bottomsheet",
      "kind" : "remoteSourceControl",
      "location" : "https://github.com/danielsaidi/BottomSheet.git",
      "state" : {
        "branch" : "master",
        "revision" : "1b5fad9879558cc89e044c088befd9859afcdcae"
      }
    },
    {
      "identity" : "swiftui-introspect",
      "kind" : "remoteSourceControl",
      "location" : "https://github.com/siteline/SwiftUI-Introspect.git",
      "state" : {
        "revision" : "f2616860a41f9d9932da412a8978fec79c06fe24",
        "version" : "0.1.4"
      }
    },
    {
      "identity" : "swiftui-refresher",
      "kind" : "remoteSourceControl",
      "location" : "https://github.com/gh123man/SwiftUI-Refresher.git",
      "state" : {
        "revision" : "e5b703de660eb10fb4d7013fc7799cef8c5f4b72",
        "version" : "1.0.6"
      }
    },
    {
      "identity" : "swiftui-webview",
      "kind" : "remoteSourceControl",
      "location" : "https://github.com/globulus/swiftui-webview",
      "state" : {
        "revision" : "69740c45b2dd0f1e408b2b96030554f47669955e",
        "version" : "1.0.7"
      }
    },
    {
      "identity" : "swiftui-youtube-player",
      "kind" : "remoteSourceControl",
      "location" : "https://github.com/globulus/swiftui-youtube-player",
      "state" : {
        "revision" : "73d0d5225f6c1734918fa96ed5d6ecbfd1152e63",
        "version" : "1.0.2"
      }
    },
    {
      "identity" : "youtubeplayerkit",
      "kind" : "remoteSourceControl",
      "location" : "https://github.com/SvenTiigi/YouTubePlayerKit.git",
      "state" : {
        "branch" : "main",
        "revision" : "fa70945f48780b2f78102c5905b6a65b2531b618"
      }
    }
  ],
  "version" : 2
}
