{
  "pins" : [
    {
      "identity" : "bottomsheet",
      "kind" : "remoteSourceControl",
      "location" : "https://github.com/danielsaidi/BottomSheet.git",
      "state" : {
        "branch" : "master",
        "revision" : "9be83ffd039f3b843c3f1e74446b7c3b3655ebe5"
      }
    },
    {
      "identity" : "swiftui-introspect",
      "kind" : "remoteSourceControl",
      "location" : "https://github.com/siteline/SwiftUI-Introspect.git",
      "state" : {
        "revision" : "56065b729481abce73fe606e218024bc77d055cd",
        "version" : "0.6.2"
      }
    },
    {
      "identity" : "swiftui-refresher",
      "kind" : "remoteSourceControl",
      "location" : "https://github.com/gh123man/SwiftUI-Refresher.git",
      "state" : {
        "branch" : "master",
        "revision" : "245beb2b2890c5a31a1630e38437c28e10683a2c"
      }
    },
    {
      "identity" : "youtubeplayerkit",
      "kind" : "remoteSourceControl",
      "location" : "https://github.com/SvenTiigi/YouTubePlayerKit.git",
      "state" : {
        "branch" : "main",
        "revision" : "8c90f96973ef709cda0fbebe3989be49d7fc77bb"
      }
    }
  ],
  "version" : 2
}
